
Microsoft Visual Studio Solution File, Format Version 12.00
# Visual Studio 14
VisualStudioVersion = 14.0.25420.1
MinimumVisualStudioVersion = 10.0.40219.1
Project("{FAE04EC0-301F-11D3-BF4B-00C04F79EFBC}") = "PPVR.WebApp", "PPVR.WebApp\PPVR.WebApp.csproj", "{877A5A64-121F-4CA7-B672-8A53F727C071}"
EndProject
Project("{FAE04EC0-301F-11D3-BF4B-00C04F79EFBC}") = "PPVR.OCRBenchmark", "PPVR.OCRBenchmark\PPVR.OCRBenchmark.csproj", "{A72ED2E8-80D5-4977-8BD0-DEA13D4184E1}"
EndProject
Project("{FAE04EC0-301F-11D3-BF4B-00C04F79EFBC}") = "PPVR.Common", "PPVR.Common\PPVR.Common.csproj", "{9DDD97D6-6C70-4198-AFC1-441EAC3B3B82}"
EndProject
Project("{2150E333-8FDC-42A3-9474-1A3956D46DE8}") = "Preprocessing", "Preprocessing", "{18169B80-C2B9-4AD9-B24B-404589F4721B}"
EndProject
Global
	GlobalSection(SolutionConfigurationPlatforms) = preSolution
		Debug|Any CPU = Debug|Any CPU
		Release|Any CPU = Release|Any CPU
	EndGlobalSection
	GlobalSection(ProjectConfigurationPlatforms) = postSolution
		{877A5A64-121F-4CA7-B672-8A53F727C071}.Debug|Any CPU.ActiveCfg = Debug|Any CPU
		{877A5A64-121F-4CA7-B672-8A53F727C071}.Debug|Any CPU.Build.0 = Debug|Any CPU
		{877A5A64-121F-4CA7-B672-8A53F727C071}.Release|Any CPU.ActiveCfg = Release|Any CPU
		{877A5A64-121F-4CA7-B672-8A53F727C071}.Release|Any CPU.Build.0 = Release|Any CPU
		{A72ED2E8-80D5-4977-8BD0-DEA13D4184E1}.Debug|Any CPU.ActiveCfg = Debug|Any CPU
		{A72ED2E8-80D5-4977-8BD0-DEA13D4184E1}.Debug|Any CPU.Build.0 = Debug|Any CPU
		{A72ED2E8-80D5-4977-8BD0-DEA13D4184E1}.Release|Any CPU.ActiveCfg = Release|Any CPU
		{A72ED2E8-80D5-4977-8BD0-DEA13D4184E1}.Release|Any CPU.Build.0 = Release|Any CPU
		{9DDD97D6-6C70-4198-AFC1-441EAC3B3B82}.Debug|Any CPU.ActiveCfg = Debug|Any CPU
		{9DDD97D6-6C70-4198-AFC1-441EAC3B3B82}.Debug|Any CPU.Build.0 = Debug|Any CPU
		{9DDD97D6-6C70-4198-AFC1-441EAC3B3B82}.Release|Any CPU.ActiveCfg = Release|Any CPU
		{9DDD97D6-6C70-4198-AFC1-441EAC3B3B82}.Release|Any CPU.Build.0 = Release|Any CPU
	EndGlobalSection
	GlobalSection(SolutionProperties) = preSolution
		HideSolutionNode = FALSE
	EndGlobalSection
	GlobalSection(NestedProjects) = preSolution
		{A72ED2E8-80D5-4977-8BD0-DEA13D4184E1} = {18169B80-C2B9-4AD9-B24B-404589F4721B}
	EndGlobalSection
EndGlobal
